Microsoft Visual Studio Solution File, Format Version 12.00
# Visual Studio Version 17
VisualStudioVersion = 17.5.2.0
MinimumVisualStudioVersion = 10.0.40219.1
Project("{FAE04EC0-301F-11D3-BF4B-00C04F79EFBC}") = "Servisnaknizka", "Servisnaknizka.csproj", "{81D3B035-5C1F-8581-4A84-58E45DE22594}"
EndProject
Global
	GlobalSection(SolutionConfigurationPlatforms) = preSolution
		Debug|Any CPU = Debug|Any CPU
		Release|Any CPU = Release|Any CPU
	EndGlobalSection
	GlobalSection(ProjectConfigurationPlatforms) = postSolution
		{81D3B035-5C1F-8581-4A84-58E45DE22594}.Debug|Any CPU.ActiveCfg = Debug|Any CPU
		{81D3B035-5C1F-8581-4A84-58E45DE22594}.Debug|Any CPU.Build.0 = Debug|Any CPU
		{81D3B035-5C1F-8581-4A84-58E45DE22594}.Release|Any CPU.ActiveCfg = Release|Any CPU
		{81D3B035-5C1F-8581-4A84-58E45DE22594}.Release|Any CPU.Build.0 = Release|Any CPU
	EndGlobalSection
	GlobalSection(SolutionProperties) = preSolution
		HideSolutionNode = FALSE
	EndGlobalSection
	GlobalSection(ExtensibilityGlobals) = postSolution
		SolutionGuid = {C1A9706B-1FA9-47AB-9B13-82F8C60AFD73}
	EndGlobalSection
EndGlobal
